{
    "version": 3,
    "terraform_version": "0.11.7",
    "serial": 4,
    "lineage": "c8ea2000-c3d9-7530-81df-d5b1b0cb5947",
    "modules": [
        {
            "path": [
                "root"
            ],
            "outputs": {
                "ecs-instance-role-name": {
                    "sensitive": false,
                    "type": "string",
                    "value": "ecs-instance-role"
                },
                "ecs-load-balancer-name": {
                    "sensitive": false,
                    "type": "string",
                    "value": "ecs-load-balancer"
                },
                "ecs-service-role-arn": {
                    "sensitive": false,
                    "type": "string",
                    "value": "arn:aws:iam::275829625285:role/ecs-service-role"
                },
                "ecs-target-group-arn": {
                    "sensitive": false,
                    "type": "string",
                    "value": "arn:aws:elasticloadbalancing:us-east-1:275829625285:targetgroup/ecs-target-group/fceb524c5e0ae22b"
                },
                "region": {
                    "sensitive": false,
                    "type": "string",
                    "value": "us-east-1"
                },
                "test_public_sg_id": {
                    "sensitive": false,
                    "type": "string",
                    "value": "sg-a9d05de2"
                },
                "test_public_sn_01_id": {
                    "sensitive": false,
                    "type": "string",
                    "value": "subnet-9a442bd0"
                },
                "test_public_sn_02_id": {
                    "sensitive": false,
                    "type": "string",
                    "value": "subnet-aa21f9f6"
                },
                "test_vpc_id": {
                    "sensitive": false,
                    "type": "string",
                    "value": "vpc-2e53b254"
                }
            },
            "resources": {
                "aws_alb.ecs-load-balancer": {
                    "type": "aws_alb",
                    "depends_on": [
                        "aws_security_group.test_public_sg",
                        "aws_subnet.test_public_sn_01",
                        "aws_subnet.test_public_sn_02"
                    ],
                    "primary": {
                        "id": "arn:aws:elasticloadbalancing:us-east-1:275829625285:loadbalancer/app/ecs-load-balancer/a41529f56828f020",
                        "attributes": {
                            "access_logs.#": "0",
                            "arn": "arn:aws:elasticloadbalancing:us-east-1:275829625285:loadbalancer/app/ecs-load-balancer/a41529f56828f020",
                            "arn_suffix": "app/ecs-load-balancer/a41529f56828f020",
                            "dns_name": "ecs-load-balancer-1233538433.us-east-1.elb.amazonaws.com",
                            "enable_deletion_protection": "false",
                            "enable_http2": "true",
                            "id": "arn:aws:elasticloadbalancing:us-east-1:275829625285:loadbalancer/app/ecs-load-balancer/a41529f56828f020",
                            "idle_timeout": "60",
                            "internal": "false",
                            "ip_address_type": "ipv4",
                            "load_balancer_type": "application",
                            "name": "ecs-load-balancer",
                            "security_groups.#": "1",
                            "security_groups.122351488": "sg-a9d05de2",
                            "subnet_mapping.#": "0",
                            "subnets.#": "2",
                            "subnets.2180266985": "subnet-aa21f9f6",
                            "subnets.3864863204": "subnet-9a442bd0",
                            "tags.%": "1",
                            "tags.Name": "ecs-load-balancer",
                            "vpc_id": "vpc-2e53b254",
                            "zone_id": "Z35SXDOTRQ7X7K"
                        },
                        "meta": {
                            "e2bfb730-ecaa-11e6-8f88-34363bc7c4c0": {
                                "create": 600000000000,
                                "delete": 600000000000,
                                "update": 600000000000
                            }
                        },
                        "tainted": false
                    },
                    "deposed": [],
                    "provider": "provider.aws"
                },
                "aws_alb_listener.alb-listener": {
                    "type": "aws_alb_listener",
                    "depends_on": [
                        "aws_alb.ecs-load-balancer",
                        "aws_alb_target_group.ecs-target-group"
                    ],
                    "primary": {
                        "id": "arn:aws:elasticloadbalancing:us-east-1:275829625285:listener/app/ecs-load-balancer/a41529f56828f020/953c1185d9997598",
                        "attributes": {
                            "arn": "arn:aws:elasticloadbalancing:us-east-1:275829625285:listener/app/ecs-load-balancer/a41529f56828f020/953c1185d9997598",
                            "default_action.#": "1",
                            "default_action.0.target_group_arn": "arn:aws:elasticloadbalancing:us-east-1:275829625285:targetgroup/ecs-target-group/fceb524c5e0ae22b",
                            "default_action.0.type": "forward",
                            "id": "arn:aws:elasticloadbalancing:us-east-1:275829625285:listener/app/ecs-load-balancer/a41529f56828f020/953c1185d9997598",
                            "load_balancer_arn": "arn:aws:elasticloadbalancing:us-east-1:275829625285:loadbalancer/app/ecs-load-balancer/a41529f56828f020",
                            "port": "80",
                            "protocol": "HTTP",
                            "ssl_policy": ""
                        },
                        "meta": {},
                        "tainted": false
                    },
                    "deposed": [],
                    "provider": "provider.aws"
                },
                "aws_alb_target_group.ecs-target-group": {
                    "type": "aws_alb_target_group",
                    "depends_on": [
                        "aws_vpc.test_vpc"
                    ],
                    "primary": {
                        "id": "arn:aws:elasticloadbalancing:us-east-1:275829625285:targetgroup/ecs-target-group/fceb524c5e0ae22b",
                        "attributes": {
                            "arn": "arn:aws:elasticloadbalancing:us-east-1:275829625285:targetgroup/ecs-target-group/fceb524c5e0ae22b",
                            "arn_suffix": "targetgroup/ecs-target-group/fceb524c5e0ae22b",
                            "deregistration_delay": "300",
                            "health_check.#": "1",
                            "health_check.0.healthy_threshold": "5",
                            "health_check.0.interval": "30",
                            "health_check.0.matcher": "200",
                            "health_check.0.path": "/",
                            "health_check.0.port": "traffic-port",
                            "health_check.0.protocol": "HTTP",
                            "health_check.0.timeout": "5",
                            "health_check.0.unhealthy_threshold": "2",
                            "id": "arn:aws:elasticloadbalancing:us-east-1:275829625285:targetgroup/ecs-target-group/fceb524c5e0ae22b",
                            "name": "ecs-target-group",
                            "port": "80",
                            "protocol": "HTTP",
                            "proxy_protocol_v2": "false",
                            "slow_start": "0",
                            "stickiness.#": "1",
                            "stickiness.0.cookie_duration": "86400",
                            "stickiness.0.enabled": "false",
                            "stickiness.0.type": "lb_cookie",
                            "tags.%": "1",
                            "tags.Name": "ecs-target-group",
                            "target_type": "instance",
                            "vpc_id": "vpc-2e53b254"
                        },
                        "meta": {},
                        "tainted": false
                    },
                    "deposed": [],
                    "provider": "provider.aws"
                },
                "aws_autoscaling_group.ecs-autoscaling-group": {
                    "type": "aws_autoscaling_group",
                    "depends_on": [
                        "aws_launch_configuration.ecs-launch-configuration",
                        "aws_subnet.test_public_sn_01",
                        "aws_subnet.test_public_sn_02"
                    ],
                    "primary": {
                        "id": "ecs-autoscaling-group",
                        "attributes": {
                            "arn": "arn:aws:autoscaling:us-east-1:275829625285:autoScalingGroup:452220ef-79e1-4607-af3a-b7887c452405:autoScalingGroupName/ecs-autoscaling-group",
                            "availability_zones.#": "2",
                            "availability_zones.1305112097": "us-east-1b",
                            "availability_zones.3569565595": "us-east-1a",
                            "default_cooldown": "300",
                            "desired_capacity": "1",
                            "enabled_metrics.#": "0",
                            "force_delete": "false",
                            "health_check_grace_period": "300",
                            "health_check_type": "ELB",
                            "id": "ecs-autoscaling-group",
                            "launch_configuration": "ecs-launch-configuration",
                            "launch_template.#": "0",
                            "load_balancers.#": "0",
                            "max_size": "1",
                            "metrics_granularity": "1Minute",
                            "min_size": "1",
                            "name": "ecs-autoscaling-group",
                            "placement_group": "",
                            "protect_from_scale_in": "false",
                            "service_linked_role_arn": "arn:aws:iam::275829625285:role/aws-service-role/autoscaling.amazonaws.com/AWSServiceRoleForAutoScaling",
                            "suspended_processes.#": "0",
                            "tag.#": "0",
                            "target_group_arns.#": "0",
                            "termination_policies.#": "0",
                            "vpc_zone_identifier.#": "2",
                            "vpc_zone_identifier.2180266985": "subnet-aa21f9f6",
                            "vpc_zone_identifier.3864863204": "subnet-9a442bd0",
                            "wait_for_capacity_timeout": "10m"
                        },
                        "meta": {
                            "e2bfb730-ecaa-11e6-8f88-34363bc7c4c0": {
                                "delete": 600000000000
                            }
                        },
                        "tainted": false
                    },
                    "deposed": [],
                    "provider": "provider.aws"
                },
                "aws_ecs_cluster.test-ecs-cluster": {
                    "type": "aws_ecs_cluster",
                    "depends_on": [],
                    "primary": {
                        "id": "arn:aws:ecs:us-east-1:275829625285:cluster/AditiTestECS",
                        "attributes": {
                            "arn": "arn:aws:ecs:us-east-1:275829625285:cluster/AditiTestECS",
                            "id": "arn:aws:ecs:us-east-1:275829625285:cluster/AditiTestECS",
                            "name": "AditiTestECS"
                        },
                        "meta": {},
                        "tainted": false
                    },
                    "deposed": [],
                    "provider": "provider.aws"
                },
                "aws_ecs_service.test-ecs-service": {
                    "type": "aws_ecs_service",
                    "depends_on": [
                        "aws_alb_target_group.ecs-target-group",
                        "aws_ecs_cluster.test-ecs-cluster",
                        "aws_ecs_task_definition.wordpress",
                        "aws_iam_role.ecs-service-role",
                        "data.aws_ecs_task_definition.wordpress"
                    ],
                    "primary": {
                        "id": "arn:aws:ecs:us-east-1:275829625285:service/test-ecs-service",
                        "attributes": {
                            "cluster": "arn:aws:ecs:us-east-1:275829625285:cluster/AditiTestECS",
                            "deployment_maximum_percent": "200",
                            "deployment_minimum_healthy_percent": "100",
                            "desired_count": "1",
                            "health_check_grace_period_seconds": "0",
                            "iam_role": "ecs-service-role",
                            "id": "arn:aws:ecs:us-east-1:275829625285:service/test-ecs-service",
                            "launch_type": "EC2",
                            "load_balancer.#": "1",
                            "load_balancer.2266018802.container_name": "wordpress",
                            "load_balancer.2266018802.container_port": "80",
                            "load_balancer.2266018802.elb_name": "",
                            "load_balancer.2266018802.target_group_arn": "arn:aws:elasticloadbalancing:us-east-1:275829625285:targetgroup/ecs-target-group/fceb524c5e0ae22b",
                            "name": "test-ecs-service",
                            "network_configuration.#": "0",
                            "ordered_placement_strategy.#": "0",
                            "placement_constraints.#": "0",
                            "service_registries.#": "0",
                            "task_definition": "hello_world:2"
                        },
                        "meta": {},
                        "tainted": false
                    },
                    "deposed": [],
                    "provider": "provider.aws"
                },
                "aws_ecs_task_definition.wordpress": {
                    "type": "aws_ecs_task_definition",
                    "depends_on": [],
                    "primary": {
                        "id": "hello_world",
                        "attributes": {
                            "arn": "arn:aws:ecs:us-east-1:275829625285:task-definition/hello_world:2",
                            "container_definitions": "[{\"cpu\":10,\"environment\":[],\"essential\":true,\"image\":\"275829625285.dkr.ecr.us-east-1.amazonaws.com/adititest\",\"memory\":512,\"mountPoints\":[],\"name\":\"apache\",\"portMappings\":[{\"containerPort\":80,\"hostPort\":80,\"protocol\":\"tcp\"}],\"volumesFrom\":[]}]",
                            "cpu": "",
                            "execution_role_arn": "",
                            "family": "hello_world",
                            "id": "hello_world",
                            "memory": "",
                            "network_mode": "",
                            "placement_constraints.#": "0",
                            "requires_compatibilities.#": "0",
                            "revision": "2",
                            "task_role_arn": "",
                            "volume.#": "0"
                        },
                        "meta": {
                            "schema_version": "1"
                        },
                        "tainted": false
                    },
                    "deposed": [],
                    "provider": "provider.aws"
                },
                "aws_iam_instance_profile.ecs-instance-profile": {
                    "type": "aws_iam_instance_profile",
                    "depends_on": [
                        "aws_iam_role.ecs-instance-role"
                    ],
                    "primary": {
                        "id": "ecs-instance-profile",
                        "attributes": {
                            "arn": "arn:aws:iam::275829625285:instance-profile/ecs-instance-profile",
                            "id": "ecs-instance-profile",
                            "name": "ecs-instance-profile",
                            "path": "/",
                            "role": "ecs-instance-role",
                            "roles.#": "1",
                            "roles.3231179920": "ecs-instance-role",
                            "unique_id": "AIPAJ6BF2P63GNSMSXM3K"
                        },
                        "meta": {},
                        "tainted": false
                    },
                    "deposed": [],
                    "provider": "provider.aws"
                },
                "aws_iam_role.ecs-instance-role": {
                    "type": "aws_iam_role",
                    "depends_on": [
                        "data.aws_iam_policy_document.ecs-instance-policy"
                    ],
                    "primary": {
                        "id": "ecs-instance-role",
                        "attributes": {
                            "arn": "arn:aws:iam::275829625285:role/ecs-instance-role",
                            "assume_role_policy": "{\"Version\":\"2012-10-17\",\"Statement\":[{\"Sid\":\"\",\"Effect\":\"Allow\",\"Principal\":{\"Service\":\"ec2.amazonaws.com\"},\"Action\":\"sts:AssumeRole\"}]}",
                            "create_date": "2018-06-22T05:23:54Z",
                            "force_detach_policies": "false",
                            "id": "ecs-instance-role",
                            "max_session_duration": "3600",
                            "name": "ecs-instance-role",
                            "path": "/",
                            "unique_id": "AROAJKCN6MYY5IGR4IZZE"
                        },
                        "meta": {},
                        "tainted": false
                    },
                    "deposed": [],
                    "provider": "provider.aws"
                },
                "aws_iam_role.ecs-service-role": {
                    "type": "aws_iam_role",
                    "depends_on": [
                        "data.aws_iam_policy_document.ecs-service-policy"
                    ],
                    "primary": {
                        "id": "ecs-service-role",
                        "attributes": {
                            "arn": "arn:aws:iam::275829625285:role/ecs-service-role",
                            "assume_role_policy": "{\"Version\":\"2012-10-17\",\"Statement\":[{\"Sid\":\"\",\"Effect\":\"Allow\",\"Principal\":{\"Service\":\"ecs.amazonaws.com\"},\"Action\":\"sts:AssumeRole\"}]}",
                            "create_date": "2018-06-22T05:23:54Z",
                            "force_detach_policies": "false",
                            "id": "ecs-service-role",
                            "max_session_duration": "3600",
                            "name": "ecs-service-role",
                            "path": "/",
                            "unique_id": "AROAJY6FIEZC6B5DCVBLA"
                        },
                        "meta": {},
                        "tainted": false
                    },
                    "deposed": [],
                    "provider": "provider.aws"
                },
                "aws_iam_role_policy_attachment.ecs-instance-role-attachment": {
                    "type": "aws_iam_role_policy_attachment",
                    "depends_on": [
                        "aws_iam_role.ecs-instance-role"
                    ],
                    "primary": {
                        "id": "ecs-instance-role-20180622052357742300000001",
                        "attributes": {
                            "id": "ecs-instance-role-20180622052357742300000001",
                            "policy_arn": "arn:aws:iam::aws:policy/service-role/AmazonEC2ContainerServiceforEC2Role",
                            "role": "ecs-instance-role"
                        },
                        "meta": {},
                        "tainted": false
                    },
                    "deposed": [],
                    "provider": "provider.aws"
                },
                "aws_iam_role_policy_attachment.ecs-service-role-attachment": {
                    "type": "aws_iam_role_policy_attachment",
                    "depends_on": [
                        "aws_iam_role.ecs-service-role"
                    ],
                    "primary": {
                        "id": "ecs-service-role-20180622052357787600000002",
                        "attributes": {
                            "id": "ecs-service-role-20180622052357787600000002",
                            "policy_arn": "arn:aws:iam::aws:policy/service-role/AmazonEC2ContainerServiceRole",
                            "role": "ecs-service-role"
                        },
                        "meta": {},
                        "tainted": false
                    },
                    "deposed": [],
                    "provider": "provider.aws"
                },
                "aws_internet_gateway.test_ig": {
                    "type": "aws_internet_gateway",
                    "depends_on": [
                        "aws_vpc.test_vpc"
                    ],
                    "primary": {
                        "id": "igw-3730144f",
                        "attributes": {
                            "id": "igw-3730144f",
                            "tags.%": "1",
                            "tags.Name": "test_ig",
                            "vpc_id": "vpc-2e53b254"
                        },
                        "meta": {},
                        "tainted": false
                    },
                    "deposed": [],
                    "provider": "provider.aws"
                },
                "aws_launch_configuration.ecs-launch-configuration": {
                    "type": "aws_launch_configuration",
                    "depends_on": [
                        "aws_iam_instance_profile.ecs-instance-profile",
                        "aws_security_group.test_public_sg"
                    ],
                    "primary": {
                        "id": "ecs-launch-configuration",
                        "attributes": {
                            "associate_public_ip_address": "true",
                            "ebs_block_device.#": "0",
                            "ebs_optimized": "false",
                            "enable_monitoring": "true",
                            "ephemeral_block_device.#": "0",
                            "iam_instance_profile": "ecs-instance-profile",
                            "id": "ecs-launch-configuration",
                            "image_id": "ami-fad25980",
                            "instance_type": "t2.xlarge",
                            "key_name": "aditi-terraform-test",
                            "name": "ecs-launch-configuration",
                            "root_block_device.#": "1",
                            "root_block_device.0.delete_on_termination": "true",
                            "root_block_device.0.iops": "0",
                            "root_block_device.0.volume_size": "100",
                            "root_block_device.0.volume_type": "standard",
                            "security_groups.#": "1",
                            "security_groups.122351488": "sg-a9d05de2",
                            "spot_price": "",
                            "user_data": "a9370a4cf11c80c735a926d43edb9f9da5dd5903",
                            "vpc_classic_link_id": "",
                            "vpc_classic_link_security_groups.#": "0"
                        },
                        "meta": {},
                        "tainted": false
                    },
                    "deposed": [],
                    "provider": "provider.aws"
                },
                "aws_route_table.test_public_sn_rt_01": {
                    "type": "aws_route_table",
                    "depends_on": [
                        "aws_internet_gateway.test_ig",
                        "aws_vpc.test_vpc"
                    ],
                    "primary": {
                        "id": "rtb-07f82178",
                        "attributes": {
                            "id": "rtb-07f82178",
                            "propagating_vgws.#": "0",
                            "route.#": "1",
                            "route.1635540410.cidr_block": "0.0.0.0/0",
                            "route.1635540410.egress_only_gateway_id": "",
                            "route.1635540410.gateway_id": "igw-3730144f",
                            "route.1635540410.instance_id": "",
                            "route.1635540410.ipv6_cidr_block": "",
                            "route.1635540410.nat_gateway_id": "",
                            "route.1635540410.network_interface_id": "",
                            "route.1635540410.vpc_peering_connection_id": "",
                            "tags.%": "1",
                            "tags.Name": "test_public_sn_rt_01",
                            "vpc_id": "vpc-2e53b254"
                        },
                        "meta": {},
                        "tainted": false
                    },
                    "deposed": [],
                    "provider": "provider.aws"
                },
                "aws_route_table.test_public_sn_rt_02": {
                    "type": "aws_route_table",
                    "depends_on": [
                        "aws_internet_gateway.test_ig",
                        "aws_vpc.test_vpc"
                    ],
                    "primary": {
                        "id": "rtb-2dfe2752",
                        "attributes": {
                            "id": "rtb-2dfe2752",
                            "propagating_vgws.#": "0",
                            "route.#": "1",
                            "route.1635540410.cidr_block": "0.0.0.0/0",
                            "route.1635540410.egress_only_gateway_id": "",
                            "route.1635540410.gateway_id": "igw-3730144f",
                            "route.1635540410.instance_id": "",
                            "route.1635540410.ipv6_cidr_block": "",
                            "route.1635540410.nat_gateway_id": "",
                            "route.1635540410.network_interface_id": "",
                            "route.1635540410.vpc_peering_connection_id": "",
                            "tags.%": "1",
                            "tags.Name": "test_public_sn_rt_02",
                            "vpc_id": "vpc-2e53b254"
                        },
                        "meta": {},
                        "tainted": false
                    },
                    "deposed": [],
                    "provider": "provider.aws"
                },
                "aws_route_table_association.test_public_sn_rt_01_assn": {
                    "type": "aws_route_table_association",
                    "depends_on": [
                        "aws_route_table.test_public_sn_rt_01",
                        "aws_subnet.test_public_sn_01"
                    ],
                    "primary": {
                        "id": "rtbassoc-2c00e052",
                        "attributes": {
                            "id": "rtbassoc-2c00e052",
                            "route_table_id": "rtb-07f82178",
                            "subnet_id": "subnet-9a442bd0"
                        },
                        "meta": {},
                        "tainted": false
                    },
                    "deposed": [],
                    "provider": "provider.aws"
                },
                "aws_route_table_association.test_public_sn_rt_assn_02": {
                    "type": "aws_route_table_association",
                    "depends_on": [
                        "aws_route_table.test_public_sn_rt_02",
                        "aws_subnet.test_public_sn_02"
                    ],
                    "primary": {
                        "id": "rtbassoc-263bdb58",
                        "attributes": {
                            "id": "rtbassoc-263bdb58",
                            "route_table_id": "rtb-2dfe2752",
                            "subnet_id": "subnet-aa21f9f6"
                        },
                        "meta": {},
                        "tainted": false
                    },
                    "deposed": [],
                    "provider": "provider.aws"
                },
                "aws_security_group.test_public_sg": {
                    "type": "aws_security_group",
                    "depends_on": [
                        "aws_vpc.test_vpc"
                    ],
                    "primary": {
                        "id": "sg-a9d05de2",
                        "attributes": {
                            "arn": "arn:aws:ec2:us-east-1:275829625285:security-group/sg-a9d05de2",
                            "description": "Test public access security group",
                            "egress.#": "1",
                            "egress.482069346.cidr_blocks.#": "1",
                            "egress.482069346.cidr_blocks.0": "0.0.0.0/0",
                            "egress.482069346.description": "",
                            "egress.482069346.from_port": "0",
                            "egress.482069346.ipv6_cidr_blocks.#": "0",
                            "egress.482069346.prefix_list_ids.#": "0",
                            "egress.482069346.protocol": "-1",
                            "egress.482069346.security_groups.#": "0",
                            "egress.482069346.self": "false",
                            "egress.482069346.to_port": "0",
                            "id": "sg-a9d05de2",
                            "ingress.#": "4",
                            "ingress.2214680975.cidr_blocks.#": "1",
                            "ingress.2214680975.cidr_blocks.0": "0.0.0.0/0",
                            "ingress.2214680975.description": "",
                            "ingress.2214680975.from_port": "80",
                            "ingress.2214680975.ipv6_cidr_blocks.#": "0",
                            "ingress.2214680975.protocol": "tcp",
                            "ingress.2214680975.security_groups.#": "0",
                            "ingress.2214680975.self": "false",
                            "ingress.2214680975.to_port": "80",
                            "ingress.2541437006.cidr_blocks.#": "1",
                            "ingress.2541437006.cidr_blocks.0": "0.0.0.0/0",
                            "ingress.2541437006.description": "",
                            "ingress.2541437006.from_port": "22",
                            "ingress.2541437006.ipv6_cidr_blocks.#": "0",
                            "ingress.2541437006.protocol": "tcp",
                            "ingress.2541437006.security_groups.#": "0",
                            "ingress.2541437006.self": "false",
                            "ingress.2541437006.to_port": "22",
                            "ingress.2974665098.cidr_blocks.#": "2",
                            "ingress.2974665098.cidr_blocks.0": "10.0.0.0/25",
                            "ingress.2974665098.cidr_blocks.1": "10.0.0.128/25",
                            "ingress.2974665098.description": "",
                            "ingress.2974665098.from_port": "0",
                            "ingress.2974665098.ipv6_cidr_blocks.#": "0",
                            "ingress.2974665098.protocol": "tcp",
                            "ingress.2974665098.security_groups.#": "0",
                            "ingress.2974665098.self": "false",
                            "ingress.2974665098.to_port": "0",
                            "ingress.516175195.cidr_blocks.#": "1",
                            "ingress.516175195.cidr_blocks.0": "0.0.0.0/0",
                            "ingress.516175195.description": "",
                            "ingress.516175195.from_port": "8080",
                            "ingress.516175195.ipv6_cidr_blocks.#": "0",
                            "ingress.516175195.protocol": "tcp",
                            "ingress.516175195.security_groups.#": "0",
                            "ingress.516175195.self": "false",
                            "ingress.516175195.to_port": "8080",
                            "name": "test_public_sg",
                            "owner_id": "275829625285",
                            "revoke_rules_on_delete": "false",
                            "tags.%": "1",
                            "tags.Name": "test_public_sg",
                            "vpc_id": "vpc-2e53b254"
                        },
                        "meta": {
                            "e2bfb730-ecaa-11e6-8f88-34363bc7c4c0": {
                                "create": 600000000000,
                                "delete": 600000000000
                            },
                            "schema_version": "1"
                        },
                        "tainted": false
                    },
                    "deposed": [],
                    "provider": "provider.aws"
                },
                "aws_subnet.test_public_sn_01": {
                    "type": "aws_subnet",
                    "depends_on": [
                        "aws_vpc.test_vpc",
                        "data.aws_availability_zones.available"
                    ],
                    "primary": {
                        "id": "subnet-9a442bd0",
                        "attributes": {
                            "assign_ipv6_address_on_creation": "false",
                            "availability_zone": "us-east-1a",
                            "cidr_block": "10.0.0.0/25",
                            "id": "subnet-9a442bd0",
                            "map_public_ip_on_launch": "false",
                            "tags.%": "1",
                            "tags.Name": "test_public_sn_01",
                            "vpc_id": "vpc-2e53b254"
                        },
                        "meta": {
                            "schema_version": "1"
                        },
                        "tainted": false
                    },
                    "deposed": [],
                    "provider": "provider.aws"
                },
                "aws_subnet.test_public_sn_02": {
                    "type": "aws_subnet",
                    "depends_on": [
                        "aws_vpc.test_vpc",
                        "data.aws_availability_zones.available"
                    ],
                    "primary": {
                        "id": "subnet-aa21f9f6",
                        "attributes": {
                            "assign_ipv6_address_on_creation": "false",
                            "availability_zone": "us-east-1b",
                            "cidr_block": "10.0.0.128/25",
                            "id": "subnet-aa21f9f6",
                            "map_public_ip_on_launch": "false",
                            "tags.%": "1",
                            "tags.Name": "test_public_sn_02",
                            "vpc_id": "vpc-2e53b254"
                        },
                        "meta": {
                            "schema_version": "1"
                        },
                        "tainted": false
                    },
                    "deposed": [],
                    "provider": "provider.aws"
                },
                "aws_vpc.test_vpc": {
                    "type": "aws_vpc",
                    "depends_on": [],
                    "primary": {
                        "id": "vpc-2e53b254",
                        "attributes": {
                            "assign_generated_ipv6_cidr_block": "false",
                            "cidr_block": "10.0.0.0/24",
                            "default_network_acl_id": "acl-54ce832e",
                            "default_route_table_id": "rtb-22fc255d",
                            "default_security_group_id": "sg-b6d459fd",
                            "dhcp_options_id": "dopt-bfab68db",
                            "enable_classiclink": "false",
                            "enable_classiclink_dns_support": "false",
                            "enable_dns_hostnames": "false",
                            "enable_dns_support": "true",
                            "id": "vpc-2e53b254",
                            "instance_tenancy": "default",
                            "main_route_table_id": "rtb-22fc255d",
                            "tags.%": "1",
                            "tags.Name": "AditiTestECS_VPC"
                        },
                        "meta": {
                            "schema_version": "1"
                        },
                        "tainted": false
                    },
                    "deposed": [],
                    "provider": "provider.aws"
                },
                "data.aws_availability_zones.available": {
                    "type": "aws_availability_zones",
                    "depends_on": [],
                    "primary": {
                        "id": "2018-06-22 06:32:13.208167202 +0000 UTC",
                        "attributes": {
                            "id": "2018-06-22 06:32:13.208167202 +0000 UTC",
                            "names.#": "6",
                            "names.0": "us-east-1a",
                            "names.1": "us-east-1b",
                            "names.2": "us-east-1c",
                            "names.3": "us-east-1d",
                            "names.4": "us-east-1e",
                            "names.5": "us-east-1f"
                        },
                        "meta": {},
                        "tainted": false
                    },
                    "deposed": [],
                    "provider": "provider.aws"
                },
                "data.aws_ecs_task_definition.wordpress": {
                    "type": "aws_ecs_task_definition",
                    "depends_on": [
                        "aws_ecs_task_definition.wordpress"
                    ],
                    "primary": {
                        "id": "arn:aws:ecs:us-east-1:275829625285:task-definition/hello_world:1",
                        "attributes": {
                            "family": "hello_world",
                            "id": "arn:aws:ecs:us-east-1:275829625285:task-definition/hello_world:1",
                            "network_mode": "",
                            "revision": "1",
                            "status": "ACTIVE",
                            "task_definition": "hello_world",
                            "task_role_arn": ""
                        },
                        "meta": {},
                        "tainted": false
                    },
                    "deposed": [],
                    "provider": "provider.aws"
                },
                "data.aws_iam_policy_document.ecs-instance-policy": {
                    "type": "aws_iam_policy_document",
                    "depends_on": [],
                    "primary": {
                        "id": "1903849331",
                        "attributes": {
                            "id": "1903849331",
                            "json": "{\n  \"Version\": \"2012-10-17\",\n  \"Statement\": [\n    {\n      \"Sid\": \"\",\n      \"Effect\": \"Allow\",\n      \"Action\": \"sts:AssumeRole\",\n      \"Principal\": {\n        \"Service\": \"ec2.amazonaws.com\"\n      }\n    }\n  ]\n}",
                            "statement.#": "1",
                            "statement.0.actions.#": "1",
                            "statement.0.actions.2528466339": "sts:AssumeRole",
                            "statement.0.condition.#": "0",
                            "statement.0.effect": "Allow",
                            "statement.0.not_actions.#": "0",
                            "statement.0.not_principals.#": "0",
                            "statement.0.not_resources.#": "0",
                            "statement.0.principals.#": "1",
                            "statement.0.principals.1134724139.identifiers.#": "1",
                            "statement.0.principals.1134724139.identifiers.3655884555": "ec2.amazonaws.com",
                            "statement.0.principals.1134724139.type": "Service",
                            "statement.0.resources.#": "0",
                            "statement.0.sid": ""
                        },
                        "meta": {},
                        "tainted": false
                    },
                    "deposed": [],
                    "provider": "provider.aws"
                },
                "data.aws_iam_policy_document.ecs-service-policy": {
                    "type": "aws_iam_policy_document",
                    "depends_on": [],
                    "primary": {
                        "id": "3622649364",
                        "attributes": {
                            "id": "3622649364",
                            "json": "{\n  \"Version\": \"2012-10-17\",\n  \"Statement\": [\n    {\n      \"Sid\": \"\",\n      \"Effect\": \"Allow\",\n      \"Action\": \"sts:AssumeRole\",\n      \"Principal\": {\n        \"Service\": \"ecs.amazonaws.com\"\n      }\n    }\n  ]\n}",
                            "statement.#": "1",
                            "statement.0.actions.#": "1",
                            "statement.0.actions.2528466339": "sts:AssumeRole",
                            "statement.0.condition.#": "0",
                            "statement.0.effect": "Allow",
                            "statement.0.not_actions.#": "0",
                            "statement.0.not_principals.#": "0",
                            "statement.0.not_resources.#": "0",
                            "statement.0.principals.#": "1",
                            "statement.0.principals.1113412664.identifiers.#": "1",
                            "statement.0.principals.1113412664.identifiers.1509832800": "ecs.amazonaws.com",
                            "statement.0.principals.1113412664.type": "Service",
                            "statement.0.resources.#": "0",
                            "statement.0.sid": ""
                        },
                        "meta": {},
                        "tainted": false
                    },
                    "deposed": [],
                    "provider": "provider.aws"
                }
            },
            "depends_on": []
        }
    ]
}
